
Microsoft Visual Studio Solution File, Format Version 12.00
# Visual Studio Version 16
VisualStudioVersion = 16.0.31702.278
MinimumVisualStudioVersion = 10.0.40219.1
Project("{888888A0-9F3D-457C-B088-3A5042F75D52}") = "Luke Module 3", "Luke Module 3\Luke Module 3.pyproj", "{F2F187E0-B93D-429E-BF14-04E50AC42602}"
EndProject
Global
	GlobalSection(SolutionConfigurationPlatforms) = preSolution
		Debug|Any CPU = Debug|Any CPU
		Release|Any CPU = Release|Any CPU
	EndGlobalSection
	GlobalSection(ProjectConfigurationPlatforms) = postSolution
		{F2F187E0-B93D-429E-BF14-04E50AC42602}.Debug|Any CPU.ActiveCfg = Debug|Any CPU
		{F2F187E0-B93D-429E-BF14-04E50AC42602}.Release|Any CPU.ActiveCfg = Release|Any CPU
	EndGlobalSection
	GlobalSection(SolutionProperties) = preSolution
		HideSolutionNode = FALSE
	EndGlobalSection
	GlobalSection(ExtensibilityGlobals) = postSolution
		SolutionGuid = {5B1309C8-D52F-48F2-86B1-DD6FCFF91727}
	EndGlobalSection
EndGlobal
